
Microsoft Visual Studio Solution File, Format Version 12.00
# Visual Studio Version 17
VisualStudioVersion = 17.13.35919.96
MinimumVisualStudioVersion = 10.0.40219.1
Project("{FAE04EC0-301F-11D3-BF4B-00C04F79EFBC}") = "SimpleC", "SimpleC\SimpleC.csproj", "{05533AE4-E5B9-400B-A9FD-F03445E0555A}"
EndProject
Project("{FAE04EC0-301F-11D3-BF4B-00C04F79EFBC}") = "SimpleC.Workbench", "SimpleC.Workbench\SimpleC.Workbench.csproj", "{1097A33F-EE98-45FE-94EA-D7E33DDAF3AE}"
EndProject
Project("{FAE04EC0-301F-11D3-BF4B-00C04F79EFBC}") = "SimpleC.ParserGenerator", "SimpleC.ParserGenerator\SimpleC.ParserGenerator.csproj", "{00517F15-DC43-4C96-8D9A-49D668D56423}"
EndProject
Global
	GlobalSection(SolutionConfigurationPlatforms) = preSolution
		Debug|Any CPU = Debug|Any CPU
		Release|Any CPU = Release|Any CPU
	EndGlobalSection
	GlobalSection(ProjectConfigurationPlatforms) = postSolution
		{05533AE4-E5B9-400B-A9FD-F03445E0555A}.Debug|Any CPU.ActiveCfg = Debug|Any CPU
		{05533AE4-E5B9-400B-A9FD-F03445E0555A}.Debug|Any CPU.Build.0 = Debug|Any CPU
		{05533AE4-E5B9-400B-A9FD-F03445E0555A}.Release|Any CPU.ActiveCfg = Release|Any CPU
		{05533AE4-E5B9-400B-A9FD-F03445E0555A}.Release|Any CPU.Build.0 = Release|Any CPU
		{1097A33F-EE98-45FE-94EA-D7E33DDAF3AE}.Debug|Any CPU.ActiveCfg = Debug|Any CPU
		{1097A33F-EE98-45FE-94EA-D7E33DDAF3AE}.Debug|Any CPU.Build.0 = Debug|Any CPU
		{1097A33F-EE98-45FE-94EA-D7E33DDAF3AE}.Release|Any CPU.ActiveCfg = Release|Any CPU
		{1097A33F-EE98-45FE-94EA-D7E33DDAF3AE}.Release|Any CPU.Build.0 = Release|Any CPU
		{00517F15-DC43-4C96-8D9A-49D668D56423}.Debug|Any CPU.ActiveCfg = Debug|Any CPU
		{00517F15-DC43-4C96-8D9A-49D668D56423}.Debug|Any CPU.Build.0 = Debug|Any CPU
		{00517F15-DC43-4C96-8D9A-49D668D56423}.Release|Any CPU.ActiveCfg = Release|Any CPU
		{00517F15-DC43-4C96-8D9A-49D668D56423}.Release|Any CPU.Build.0 = Release|Any CPU
	EndGlobalSection
	GlobalSection(SolutionProperties) = preSolution
		HideSolutionNode = FALSE
	EndGlobalSection
	GlobalSection(ExtensibilityGlobals) = postSolution
		SolutionGuid = {D9E97D5E-02EE-459B-9BD0-57ADB150CFFA}
	EndGlobalSection
EndGlobal
